
Microsoft Visual Studio Solution File, Format Version 12.00
# Visual Studio Version 17
VisualStudioVersion = 17.8.34316.72
MinimumVisualStudioVersion = 10.0.40219.1
Project("{FAE04EC0-301F-11D3-BF4B-00C04F79EFBC}") = "StudentAttendance", "StudentAttendance\StudentAttendance.csproj", "{F17585AF-A27D-4925-A0B7-168CCA02DD14}"
EndProject
Project("{FAE04EC0-301F-11D3-BF4B-00C04F79EFBC}") = "SchoolAdmission", "SchoolAdmission\SchoolAdmission.csproj", "{49033794-5149-44EE-A541-8B73B022D903}"
EndProject
Project("{FAE04EC0-301F-11D3-BF4B-00C04F79EFBC}") = "SchoolApiGateway", "SchoolApiGateway\SchoolApiGateway.csproj", "{CA7C6DC9-5F36-4396-BF7E-6442557FEF46}"
EndProject
Global
	GlobalSection(SolutionConfigurationPlatforms) = preSolution
		Debug|Any CPU = Debug|Any CPU
		Release|Any CPU = Release|Any CPU
	EndGlobalSection
	GlobalSection(ProjectConfigurationPlatforms) = postSolution
		{F17585AF-A27D-4925-A0B7-168CCA02DD14}.Debug|Any CPU.ActiveCfg = Debug|Any CPU
		{F17585AF-A27D-4925-A0B7-168CCA02DD14}.Debug|Any CPU.Build.0 = Debug|Any CPU
		{F17585AF-A27D-4925-A0B7-168CCA02DD14}.Release|Any CPU.ActiveCfg = Release|Any CPU
		{F17585AF-A27D-4925-A0B7-168CCA02DD14}.Release|Any CPU.Build.0 = Release|Any CPU
		{49033794-5149-44EE-A541-8B73B022D903}.Debug|Any CPU.ActiveCfg = Debug|Any CPU
		{49033794-5149-44EE-A541-8B73B022D903}.Debug|Any CPU.Build.0 = Debug|Any CPU
		{49033794-5149-44EE-A541-8B73B022D903}.Release|Any CPU.ActiveCfg = Release|Any CPU
		{49033794-5149-44EE-A541-8B73B022D903}.Release|Any CPU.Build.0 = Release|Any CPU
		{CA7C6DC9-5F36-4396-BF7E-6442557FEF46}.Debug|Any CPU.ActiveCfg = Debug|Any CPU
		{CA7C6DC9-5F36-4396-BF7E-6442557FEF46}.Debug|Any CPU.Build.0 = Debug|Any CPU
		{CA7C6DC9-5F36-4396-BF7E-6442557FEF46}.Release|Any CPU.ActiveCfg = Release|Any CPU
		{CA7C6DC9-5F36-4396-BF7E-6442557FEF46}.Release|Any CPU.Build.0 = Release|Any CPU
	EndGlobalSection
	GlobalSection(SolutionProperties) = preSolution
		HideSolutionNode = FALSE
	EndGlobalSection
	GlobalSection(ExtensibilityGlobals) = postSolution
		SolutionGuid = {3A54976E-F827-4597-A55F-2B6A43650F4F}
	EndGlobalSection
EndGlobal
